lockVersion: 2.0.0
id: 2622b717-b8ee-4cf5-9ca8-f4e3a15eed5b
management:
  docChecksum: 1bdb7a6f8bf3995d4b40475228403253
  docVersion: 1.0.0
  speakeasyVersion: internal
  generationVersion: 2.253.0
  releaseVersion: 0.5.0
  configChecksum: b3dcbf4bb356816f14d67c10d74e179d
  repoURL: https://github.com/speakeasy-sdks/python.git
  repoSubDirectory: .
  installationURL: https://github.com/speakeasy-sdks/python.git
features:
  python:
    core: 4.4.5
    flattening: 2.81.1
    globalServerURLs: 2.82.1
generatedFiles:
  - src/example/sdkconfiguration.py
  - src/example/pets.py
  - src/example/sdk.py
  - pylintrc
  - setup.py
  - src/example/__init__.py
  - src/example/utils/__init__.py
  - src/example/utils/retries.py
  - src/example/utils/utils.py
  - src/example/models/errors/sdkerror.py
  - tests/helpers.py
  - src/example/models/operations/createpets.py
  - src/example/models/operations/listpets.py
  - src/example/models/operations/showpetbyid.py
  - src/example/models/shared/error.py
  - src/example/models/shared/pet.py
  - src/example/models/__init__.py
  - src/example/models/errors/__init__.py
  - src/example/models/operations/__init__.py
  - src/example/models/shared/__init__.py
  - docs/models/operations/createpetsresponse.md
  - docs/models/operations/listpetsrequest.md
  - docs/models/operations/listpetsresponse.md
  - docs/models/operations/showpetbyidrequest.md
  - docs/models/operations/showpetbyidresponse.md
  - docs/models/shared/error.md
  - docs/models/shared/pet.md
  - docs/sdks/example/README.md
  - docs/sdks/pets/README.md
  - USAGE.md
  - .gitattributes
