lockVersion: 2.0.0
id: 2622b717-b8ee-4cf5-9ca8-f4e3a15eed5b
management:
  docChecksum: 1bdb7a6f8bf3995d4b40475228403253
  docVersion: 1.0.0
  speakeasyVersion: 1.207.1
  generationVersion: 2.280.6
  releaseVersion: 0.7.1
  configChecksum: a3e9cd6b2d71c17a3f8d5026203d82e5
  repoURL: https://github.com/speakeasy-sdks/python.git
  repoSubDirectory: .
  installationURL: https://github.com/speakeasy-sdks/python.git
features:
  python:
    core: 4.5.1
    flattening: 2.81.1
    globalServerURLs: 2.82.2
    responseFormat: 0.1.0
generatedFiles:
  - src/example/sdkconfiguration.py
  - src/example/pets.py
  - src/example/sdk.py
  - py.typed
  - pylintrc
  - setup.py
  - src/example/__init__.py
  - src/example/utils/__init__.py
  - src/example/utils/retries.py
  - src/example/utils/utils.py
  - src/example/models/errors/sdkerror.py
  - tests/helpers.py
  - src/example/models/operations/createpets.py
  - src/example/models/operations/listpets.py
  - src/example/models/operations/showpetbyid.py
  - src/example/models/shared/error.py
  - src/example/models/shared/pet.py
  - src/example/models/__init__.py
  - src/example/models/errors/__init__.py
  - src/example/models/operations/__init__.py
  - src/example/models/shared/__init__.py
  - docs/models/operations/createpetsresponse.md
  - docs/models/operations/listpetsrequest.md
  - docs/models/operations/listpetsresponse.md
  - docs/models/operations/showpetbyidrequest.md
  - docs/models/operations/showpetbyidresponse.md
  - docs/models/shared/error.md
  - docs/models/shared/pet.md
  - docs/sdks/example/README.md
  - docs/sdks/pets/README.md
  - USAGE.md
  - .gitattributes
  - src/example/_hooks/sdkhooks.py
  - src/example/_hooks/types.py
  - src/example/_hooks/__init__.py
